
Microsoft Visual Studio Solution File, Format Version 12.00
# Visual Studio Version 16
VisualStudioVersion = 16.0.31410.357
MinimumVisualStudioVersion = 10.0.40219.1
Project("{FAE04EC0-301F-11D3-BF4B-00C04F79EFBC}") = "BigSchool", "BigSchool.csproj", "{02AC5B64-985A-47B0-848A-3BEFCBCD4A3B}"
EndProject
Global
	GlobalSection(SolutionConfigurationPlatforms) = preSolution
		Debug|Any CPU = Debug|Any CPU
		Release|Any CPU = Release|Any CPU
	EndGlobalSection
	GlobalSection(ProjectConfigurationPlatforms) = postSolution
		{02AC5B64-985A-47B0-848A-3BEFCBCD4A3B}.Debug|Any CPU.ActiveCfg = Debug|Any CPU
		{02AC5B64-985A-47B0-848A-3BEFCBCD4A3B}.Debug|Any CPU.Build.0 = Debug|Any CPU
		{02AC5B64-985A-47B0-848A-3BEFCBCD4A3B}.Release|Any CPU.ActiveCfg = Release|Any CPU
		{02AC5B64-985A-47B0-848A-3BEFCBCD4A3B}.Release|Any CPU.Build.0 = Release|Any CPU
	EndGlobalSection
	GlobalSection(SolutionProperties) = preSolution
		HideSolutionNode = FALSE
	EndGlobalSection
	GlobalSection(ExtensibilityGlobals) = postSolution
		SolutionGuid = {66A9A68E-32E9-4945-A909-C211E8FE969B}
	EndGlobalSection
EndGlobal
